
Microsoft Visual Studio Solution File, Format Version 12.00
# Visual Studio Version 16
VisualStudioVersion = 16.0.31005.135
MinimumVisualStudioVersion = 10.0.40219.1
Project("{FAE04EC0-301F-11D3-BF4B-00C04F79EFBC}") = "WebApplication1", "WebApplication1\WebApplication1.csproj", "{AB3389B2-C03A-4238-96D4-531D4D962807}"
EndProject
Global
	GlobalSection(SolutionConfigurationPlatforms) = preSolution
		Debug|Any CPU = Debug|Any CPU
		Release|Any CPU = Release|Any CPU
	EndGlobalSection
	GlobalSection(ProjectConfigurationPlatforms) = postSolution
		{AB3389B2-C03A-4238-96D4-531D4D962807}.Debug|Any CPU.ActiveCfg = Debug|Any CPU
		{AB3389B2-C03A-4238-96D4-531D4D962807}.Debug|Any CPU.Build.0 = Debug|Any CPU
		{AB3389B2-C03A-4238-96D4-531D4D962807}.Release|Any CPU.ActiveCfg = Release|Any CPU
		{AB3389B2-C03A-4238-96D4-531D4D962807}.Release|Any CPU.Build.0 = Release|Any CPU
	EndGlobalSection
	GlobalSection(SolutionProperties) = preSolution
		HideSolutionNode = FALSE
	EndGlobalSection
	GlobalSection(ExtensibilityGlobals) = postSolution
		SolutionGuid = {704C3475-A4DA-4E1D-9896-42793013F02F}
	EndGlobalSection
EndGlobal
